
Microsoft Visual Studio Solution File, Format Version 12.00
# Visual Studio 15
VisualStudioVersion = 15.0.27703.2042
MinimumVisualStudioVersion = 10.0.40219.1
Project("{FAE04EC0-301F-11D3-BF4B-00C04F79EFBC}") = "CommandPromptPlugin", "CommandPromptPlugin\CommandPromptPlugin.csproj", "{BF42ACE0-DA09-4E91-AD82-38A576CF2261}"
EndProject
Project("{FAE04EC0-301F-11D3-BF4B-00C04F79EFBC}") = "WpfAppTestCommandPrompt", "WpfAppTestCommandPrompt\WpfAppTestCommandPrompt.csproj", "{54D03B04-3ACE-47CA-8850-4DDEDA9C8B64}"
EndProject
Global
	GlobalSection(SolutionConfigurationPlatforms) = preSolution
		Debug|Any CPU = Debug|Any CPU
		Release|Any CPU = Release|Any CPU
	EndGlobalSection
	GlobalSection(ProjectConfigurationPlatforms) = postSolution
		{BF42ACE0-DA09-4E91-AD82-38A576CF2261}.Debug|Any CPU.ActiveCfg = Debug|Any CPU
		{BF42ACE0-DA09-4E91-AD82-38A576CF2261}.Debug|Any CPU.Build.0 = Debug|Any CPU
		{BF42ACE0-DA09-4E91-AD82-38A576CF2261}.Release|Any CPU.ActiveCfg = Release|Any CPU
		{BF42ACE0-DA09-4E91-AD82-38A576CF2261}.Release|Any CPU.Build.0 = Release|Any CPU
		{54D03B04-3ACE-47CA-8850-4DDEDA9C8B64}.Debug|Any CPU.ActiveCfg = Debug|Any CPU
		{54D03B04-3ACE-47CA-8850-4DDEDA9C8B64}.Debug|Any CPU.Build.0 = Debug|Any CPU
		{54D03B04-3ACE-47CA-8850-4DDEDA9C8B64}.Release|Any CPU.ActiveCfg = Release|Any CPU
		{54D03B04-3ACE-47CA-8850-4DDEDA9C8B64}.Release|Any CPU.Build.0 = Release|Any CPU
	EndGlobalSection
	GlobalSection(SolutionProperties) = preSolution
		HideSolutionNode = FALSE
	EndGlobalSection
	GlobalSection(ExtensibilityGlobals) = postSolution
		SolutionGuid = {243DFF57-02A0-49BD-8D57-91CF580DE1DB}
	EndGlobalSection
EndGlobal
